// !$*UTF8*$!
{
	archiveVersion = 1;
	classes = {
	};
	objectVersion = 46;
	objects = {

/* Begin PBXBuildFile section */
		5ECA254A1D2EBFF700F5135F /* CardStack.swift in Sources */ = {isa = PBXBuildFile; fileRef = 5ECA25481D2EBFF700F5135F /* CardStack.swift */; };
		5ECA254B1D2EBFF700F5135F /* CardView.swift in Sources */ = {isa = PBXBuildFile; fileRef = 5ECA25491D2EBFF700F5135F /* CardView.swift */; };
		A48E00FE1D2DA20D00720B36 /* AppDelegate.swift in Sources */ = {isa = PBXBuildFile; fileRef = A48E00FD1D2DA20D00720B36 /* AppDelegate.swift */; };
		A48E01001D2DA20D00720B36 /* FirstViewController.swift in Sources */ = {isa = PBXBuildFile; fileRef = A48E00FF1D2DA20D00720B36 /* FirstViewController.swift */; };
		A48E01051D2DA20D00720B36 /* Main.storyboard in Resources */ = {isa = PBXBuildFile; fileRef = A48E01031D2DA20D00720B36 /* Main.storyboard */; };
		A48E01071D2DA20D00720B36 /* Assets.xcassets in Resources */ = {isa = PBXBuildFile; fileRef = A48E01061D2DA20D00720B36 /* Assets.xcassets */; };
		A48E010A1D2DA20D00720B36 /* LaunchScreen.storyboard in Resources */ = {isa = PBXBuildFile; fileRef = A48E01081D2DA20D00720B36 /* LaunchScreen.storyboard */; };
		A48E01121D2DA28700720B36 /* Dogs.swift in Sources */ = {isa = PBXBuildFile; fileRef = A48E01111D2DA28700720B36 /* Dogs.swift */; };
		A48E01181D2DA6D300720B36 /* AdoptTableViewController.swift in Sources */ = {isa = PBXBuildFile; fileRef = A48E01171D2DA6D300720B36 /* AdoptTableViewController.swift */; };
		A48E011A1D2DACA600720B36 /* DogsTableViewCell.swift in Sources */ = {isa = PBXBuildFile; fileRef = A48E01191D2DACA600720B36 /* DogsTableViewCell.swift */; };
		A48E011C1D2E1DB500720B36 /* MapViewController.swift in Sources */ = {isa = PBXBuildFile; fileRef = A48E011B1D2E1DB500720B36 /* MapViewController.swift */; };
		A4FD3B191D2FFDC400660C0B /* DataStore.swift in Sources */ = {isa = PBXBuildFile; fileRef = A4FD3B181D2FFDC400660C0B /* DataStore.swift */; };
		A4FD3B1B1D300A1400660C0B /* CollectionViewController.swift in Sources */ = {isa = PBXBuildFile; fileRef = A4FD3B1A1D300A1400660C0B /* CollectionViewController.swift */; };
		A4FD3B431D3013FA00660C0B /* PoochCollectionViewCell.swift in Sources */ = {isa = PBXBuildFile; fileRef = A4FD3B421D3013FA00660C0B /* PoochCollectionViewCell.swift */; };
/* End PBXBuildFile section */

/* Begin PBXFileReference section */
		5ECA25481D2EBFF700F5135F /* CardStack.swift */ = {isa = PBXFileReference; fileEncoding = 4; lastKnownFileType = sourcecode.swift; path = CardStack.swift; sourceTree = "<group>"; };
		5ECA25491D2EBFF700F5135F /* CardView.swift */ = {isa = PBXFileReference; fileEncoding = 4; lastKnownFileType = sourcecode.swift; path = CardView.swift; sourceTree = "<group>"; };
		A48E00FA1D2DA20D00720B36 /* AdoptMe.app */ = {isa = PBXFileReference; explicitFileType = wrapper.application; includeInIndex = 0; path = AdoptMe.app; sourceTree = BUILT_PRODUCTS_DIR; };
		A48E00FD1D2DA20D00720B36 /* AppDelegate.swift */ = {isa = PBXFileReference; lastKnownFileType = sourcecode.swift; path = AppDelegate.swift; sourceTree = "<group>"; };
		A48E00FF1D2DA20D00720B36 /* FirstViewController.swift */ = {isa = PBXFileReference; lastKnownFileType = sourcecode.swift; path = FirstViewController.swift; sourceTree = "<group>"; };
		A48E01041D2DA20D00720B36 /* Base */ = {isa = PBXFileReference; lastKnownFileType = file.storyboard; name = Base; path = Base.lproj/Main.storyboard; sourceTree = "<group>"; };
		A48E01061D2DA20D00720B36 /* Assets.xcassets */ = {isa = PBXFileReference; lastKnownFileType = folder.assetcatalog; path = Assets.xcassets; sourceTree = "<group>"; };
		A48E01091D2DA20D00720B36 /* Base */ = {isa = PBXFileReference; lastKnownFileType = file.storyboard; name = Base; path = Base.lproj/LaunchScreen.storyboard; sourceTree = "<group>"; };
		A48E010B1D2DA20D00720B36 /* Info.plist */ = {isa = PBXFileReference; lastKnownFileType = text.plist.xml; path = Info.plist; sourceTree = "<group>"; };
		A48E01111D2DA28700720B36 /* Dogs.swift */ = {isa = PBXFileReference; fileEncoding = 4; lastKnownFileType = sourcecode.swift; path = Dogs.swift; sourceTree = "<group>"; };
		A48E01171D2DA6D300720B36 /* AdoptTableViewController.swift */ = {isa = PBXFileReference; fileEncoding = 4; lastKnownFileType = sourcecode.swift; path = AdoptTableViewController.swift; sourceTree = "<group>"; };
		A48E01191D2DACA600720B36 /* DogsTableViewCell.swift */ = {isa = PBXFileReference; fileEncoding = 4; lastKnownFileType = sourcecode.swift; path = DogsTableViewCell.swift; sourceTree = "<group>"; };
		A48E011B1D2E1DB500720B36 /* MapViewController.swift */ = {isa = PBXFileReference; fileEncoding = 4; lastKnownFileType = sourcecode.swift; path = MapViewController.swift; sourceTree = "<group>"; };
		A4FD3B181D2FFDC400660C0B /* DataStore.swift */ = {isa = PBXFileReference; fileEncoding = 4; lastKnownFileType = sourcecode.swift; path = DataStore.swift; sourceTree = "<group>"; };
		A4FD3B1A1D300A1400660C0B /* CollectionViewController.swift */ = {isa = PBXFileReference; fileEncoding = 4; lastKnownFileType = sourcecode.swift; path = CollectionViewController.swift; sourceTree = "<group>"; };
		A4FD3B421D3013FA00660C0B /* PoochCollectionViewCell.swift */ = {isa = PBXFileReference; fileEncoding = 4; lastKnownFileType = sourcecode.swift; path = PoochCollectionViewCell.swift; sourceTree = "<group>"; };
/* End PBXFileReference section */

/* Begin PBXFrameworksBuildPhase section */
		A48E00F71D2DA20D00720B36 /* Frameworks */ = {
			isa = PBXFrameworksBuildPhase;
			buildActionMask = 2147483647;
			files = (
			);
			runOnlyForDeploymentPostprocessing = 0;
		};
/* End PBXFrameworksBuildPhase section */

/* Begin PBXGroup section */
		A48E00F11D2DA20D00720B36 = {
			isa = PBXGroup;
			children = (
				A48E00FC1D2DA20D00720B36 /* AdoptMe */,
				A48E00FB1D2DA20D00720B36 /* Products */,
			);
			sourceTree = "<group>";
		};
		A48E00FB1D2DA20D00720B36 /* Products */ = {
			isa = PBXGroup;
			children = (
				A48E00FA1D2DA20D00720B36 /* AdoptMe.app */,
			);
			name = Products;
			sourceTree = "<group>";
		};
		A48E00FC1D2DA20D00720B36 /* AdoptMe */ = {
			isa = PBXGroup;
			children = (
				A48E00FD1D2DA20D00720B36 /* AppDelegate.swift */,
				A48E01151D2DA2B500720B36 /* Modals */,
				A48E01161D2DA2C500720B36 /* Views */,
				A48E01131D2DA29300720B36 /* Controllers */,
				A48E01031D2DA20D00720B36 /* Main.storyboard */,
				A48E01141D2DA2A700720B36 /* Supporting Files */,
			);
			path = AdoptMe;
			sourceTree = "<group>";
		};
		A48E01131D2DA29300720B36 /* Controllers */ = {
			isa = PBXGroup;
			children = (
				A4FD3B1A1D300A1400660C0B /* CollectionViewController.swift */,
				A48E00FF1D2DA20D00720B36 /* FirstViewController.swift */,
				A48E01171D2DA6D300720B36 /* AdoptTableViewController.swift */,
				A48E011B1D2E1DB500720B36 /* MapViewController.swift */,
			);
			name = Controllers;
			sourceTree = "<group>";
		};
		A48E01141D2DA2A700720B36 /* Supporting Files */ = {
			isa = PBXGroup;
			children = (
				A48E01061D2DA20D00720B36 /* Assets.xcassets */,
				A48E01081D2DA20D00720B36 /* LaunchScreen.storyboard */,
				A48E010B1D2DA20D00720B36 /* Info.plist */,
			);
			name = "Supporting Files";
			sourceTree = "<group>";
		};
		A48E01151D2DA2B500720B36 /* Modals */ = {
			isa = PBXGroup;
			children = (
				A48E01111D2DA28700720B36 /* Dogs.swift */,
				A4FD3B181D2FFDC400660C0B /* DataStore.swift */,
			);
			name = Modals;
			path = ..;
			sourceTree = "<group>";
		};
		A48E01161D2DA2C500720B36 /* Views */ = {
			isa = PBXGroup;
			children = (
				5ECA25481D2EBFF700F5135F /* CardStack.swift */,
				5ECA25491D2EBFF700F5135F /* CardView.swift */,
				A48E01191D2DACA600720B36 /* DogsTableViewCell.swift */,
				A4FD3B421D3013FA00660C0B /* PoochCollectionViewCell.swift */,
			);
			name = Views;
			sourceTree = "<group>";
		};
/* End PBXGroup section */

/* Begin PBXNativeTarget section */
		A48E00F91D2DA20D00720B36 /* AdoptMe */ = {
			isa = PBXNativeTarget;
			buildConfigurationList = A48E010E1D2DA20D00720B36 /* Build configuration list for PBXNativeTarget "AdoptMe" */;
			buildPhases = (
				A48E00F61D2DA20D00720B36 /* Sources */,
				A48E00F71D2DA20D00720B36 /* Frameworks */,
				A48E00F81D2DA20D00720B36 /* Resources */,
			);
			buildRules = (
			);
			dependencies = (
			);
			name = AdoptMe;
			productName = AdoptMe;
			productReference = A48E00FA1D2DA20D00720B36 /* AdoptMe.app */;
			productType = "com.apple.product-type.application";
		};
/* End PBXNativeTarget section */

/* Begin PBXProject section */
		A48E00F21D2DA20D00720B36 /* Project object */ = {
			isa = PBXProject;
			attributes = {
				LastSwiftUpdateCheck = 0730;
				LastUpgradeCheck = 0730;
				ORGANIZATIONNAME = "trvl, LLC";
				TargetAttributes = {
					A48E00F91D2DA20D00720B36 = {
						CreatedOnToolsVersion = 7.3;
						DevelopmentTeam = 6D9CKTK39V;
					};
				};
			};
			buildConfigurationList = A48E00F51D2DA20D00720B36 /* Build configuration list for PBXProject "AdoptMe" */;
			compatibilityVersion = "Xcode 3.2";
			developmentRegion = English;
			hasScannedForEncodings = 0;
			knownRegions = (
				en,
				Base,
			);
			mainGroup = A48E00F11D2DA20D00720B36;
			productRefGroup = A48E00FB1D2DA20D00720B36 /* Products */;
			projectDirPath = "";
			projectRoot = "";
			targets = (
				A48E00F91D2DA20D00720B36 /* AdoptMe */,
			);
		};
/* End PBXProject section */

/* Begin PBXResourcesBuildPhase section */
		A48E00F81D2DA20D00720B36 /* Resources */ = {
			isa = PBXResourcesBuildPhase;
			buildActionMask = 2147483647;
			files = (
				A48E010A1D2DA20D00720B36 /* LaunchScreen.storyboard in Resources */,
				A48E01071D2DA20D00720B36 /* Assets.xcassets in Resources */,
				A48E01051D2DA20D00720B36 /* Main.storyboard in Resources */,
			);
			runOnlyForDeploymentPostprocessing = 0;
		};
/* End PBXResourcesBuildPhase section */

/* Begin PBXSourcesBuildPhase section */
		A48E00F61D2DA20D00720B36 /* Sources */ = {
			isa = PBXSourcesBuildPhase;
			buildActionMask = 2147483647;
			files = (
				A48E00FE1D2DA20D00720B36 /* AppDelegate.swift in Sources */,
				A48E011C1D2E1DB500720B36 /* MapViewController.swift in Sources */,
				A48E01181D2DA6D300720B36 /* AdoptTableViewController.swift in Sources */,
				A48E011A1D2DACA600720B36 /* DogsTableViewCell.swift in Sources */,
				A4FD3B1B1D300A1400660C0B /* CollectionViewController.swift in Sources */,
				A48E01121D2DA28700720B36 /* Dogs.swift in Sources */,
				A48E01001D2DA20D00720B36 /* FirstViewController.swift in Sources */,
				5ECA254B1D2EBFF700F5135F /* CardView.swift in Sources */,
				A4FD3B431D3013FA00660C0B /* PoochCollectionViewCell.swift in Sources */,
				A4FD3B191D2FFDC400660C0B /* DataStore.swift in Sources */,
				5ECA254A1D2EBFF700F5135F /* CardStack.swift in Sources */,
			);
			runOnlyForDeploymentPostprocessing = 0;
		};
/* End PBXSourcesBuildPhase section */

/* Begin PBXVariantGroup section */
		A48E01031D2DA20D00720B36 /* Main.storyboard */ = {
			isa = PBXVariantGroup;
			children = (
				A48E01041D2DA20D00720B36 /* Base */,
			);
			name = Main.storyboard;
			sourceTree = "<group>";
		};
		A48E01081D2DA20D00720B36 /* LaunchScreen.storyboard */ = {
			isa = PBXVariantGroup;
			children = (
				A48E01091D2DA20D00720B36 /* Base */,
			);
			name = LaunchScreen.storyboard;
			sourceTree = "<group>";
		};
/* End PBXVariantGroup section */

/* Begin XCBuildConfiguration section */
		A48E010C1D2DA20D00720B36 /* Debug */ = {
			isa = XCBuildConfiguration;
			buildSettings = {
				ALWAYS_SEARCH_USER_PATHS = NO;
				CLANG_ANALYZER_NONNULL = YES;
				CLANG_CXX_LANGUAGE_STANDARD = "gnu++0x";
				CLANG_CXX_LIBRARY = "libc++";
				CLANG_ENABLE_MODULES = YES;
				CLANG_ENABLE_OBJC_ARC = YES;
				CLANG_WARN_BOOL_CONVERSION = YES;
				CLANG_WARN_CONSTANT_CONVERSION = YES;
				CLANG_WARN_DIRECT_OBJC_ISA_USAGE = YES_ERROR;
				CLANG_WARN_EMPTY_BODY = YES;
				CLANG_WARN_ENUM_CONVERSION = YES;
				CLANG_WARN_INT_CONVERSION = YES;
				CLANG_WARN_OBJC_ROOT_CLASS = YES_ERROR;
				CLANG_WARN_UNREACHABLE_CODE = YES;
				CLANG_WARN__DUPLICATE_METHOD_MATCH = YES;
				"CODE_SIGN_IDENTITY[sdk=iphoneos*]" = "iPhone Developer";
				COPY_PHASE_STRIP = NO;
				DEBUG_INFORMATION_FORMAT = dwarf;
				ENABLE_STRICT_OBJC_MSGSEND = YES;
				ENABLE_TESTABILITY = YES;
				GCC_C_LANGUAGE_STANDARD = gnu99;
				GCC_DYNAMIC_NO_PIC = NO;
				GCC_NO_COMMON_BLOCKS = YES;
				GCC_OPTIMIZATION_LEVEL = 0;
				GCC_PREPROCESSOR_DEFINITIONS = (
					"DEBUG=1",
					"$(inherited)",
				);
				GCC_WARN_64_TO_32_BIT_CONVERSION = YES;
				GCC_WARN_ABOUT_RETURN_TYPE = YES_ERROR;
				GCC_WARN_UNDECLARED_SELECTOR = YES;
				GCC_WARN_UNINITIALIZED_AUTOS = YES_AGGRESSIVE;
				GCC_WARN_UNUSED_FUNCTION = YES;
				GCC_WARN_UNUSED_VARIABLE = YES;
				IPHONEOS_DEPLOYMENT_TARGET = 9.3;
				MTL_ENABLE_DEBUG_INFO = YES;
				ONLY_ACTIVE_ARCH = YES;
				SDKROOT = iphoneos;
				SWIFT_OPTIMIZATION_LEVEL = "-Onone";
			};
			name = Debug;
		};
		A48E010D1D2DA20D00720B36 /* Release */ = {
			isa = XCBuildConfiguration;
			buildSettings = {
				ALWAYS_SEARCH_USER_PATHS = NO;
				CLANG_ANALYZER_NONNULL = YES;
				CLANG_CXX_LANGUAGE_STANDARD = "gnu++0x";
				CLANG_CXX_LIBRARY = "libc++";
				CLANG_ENABLE_MODULES = YES;
				CLANG_ENABLE_OBJC_ARC = YES;
				CLANG_WARN_BOOL_CONVERSION = YES;
				CLANG_WARN_CONSTANT_CONVERSION = YES;
				CLANG_WARN_DIRECT_OBJC_ISA_USAGE = YES_ERROR;
				CLANG_WARN_EMPTY_BODY = YES;
				CLANG_WARN_ENUM_CONVERSION = YES;
				CLANG_WARN_INT_CONVERSION = YES;
				CLANG_WARN_OBJC_ROOT_CLASS = YES_ERROR;
				CLANG_WARN_UNREACHABLE_CODE = YES;
				CLANG_WARN__DUPLICATE_METHOD_MATCH = YES;
				"CODE_SIGN_IDENTITY[sdk=iphoneos*]" = "iPhone Developer";
				COPY_PHASE_STRIP = NO;
				DEBUG_INFORMATION_FORMAT = "dwarf-with-dsym";
				ENABLE_NS_ASSERTIONS = NO;
				ENABLE_STRICT_OBJC_MSGSEND = YES;
				GCC_C_LANGUAGE_STANDARD = gnu99;
				GCC_NO_COMMON_BLOCKS = YES;
				GCC_WARN_64_TO_32_BIT_CONVERSION = YES;
				GCC_WARN_ABOUT_RETURN_TYPE = YES_ERROR;
				GCC_WARN_UNDECLARED_SELECTOR = YES;
				GCC_WARN_UNINITIALIZED_AUTOS = YES_AGGRESSIVE;
				GCC_WARN_UNUSED_FUNCTION = YES;
				GCC_WARN_UNUSED_VARIABLE = YES;
				IPHONEOS_DEPLOYMENT_TARGET = 9.3;
				MTL_ENABLE_DEBUG_INFO = NO;
				SDKROOT = iphoneos;
				VALIDATE_PRODUCT = YES;
			};
			name = Release;
		};
		A48E010F1D2DA20D00720B36 /* Debug */ = {
			isa = XCBuildConfiguration;
			buildSettings = {
				ASSETCATALOG_COMPILER_APPICON_NAME = AppIcon;
				INFOPLIST_FILE = AdoptMe/Info.plist;
				LD_RUNPATH_SEARCH_PATHS = "$(inherited) @executable_path/Frameworks";
				PRODUCT_BUNDLE_IDENTIFIER = com.jsanchezrides.AdoptMe;
				PRODUCT_NAME = "$(TARGET_NAME)";
			};
			name = Debug;
		};
		A48E01101D2DA20D00720B36 /* Release */ = {
			isa = XCBuildConfiguration;
			buildSettings = {
				ASSETCATALOG_COMPILER_APPICON_NAME = AppIcon;
				INFOPLIST_FILE = AdoptMe/Info.plist;
				LD_RUNPATH_SEARCH_PATHS = "$(inherited) @executable_path/Frameworks";
				PRODUCT_BUNDLE_IDENTIFIER = com.jsanchezrides.AdoptMe;
				PRODUCT_NAME = "$(TARGET_NAME)";
			};
			name = Release;
		};
/* End XCBuildConfiguration section */

/* Begin XCConfigurationList section */
		A48E00F51D2DA20D00720B36 /* Build configuration list for PBXProject "AdoptMe" */ = {
			isa = XCConfigurationList;
			buildConfigurations = (
				A48E010C1D2DA20D00720B36 /* Debug */,
				A48E010D1D2DA20D00720B36 /* Release */,
			);
			defaultConfigurationIsVisible = 0;
			defaultConfigurationName = Release;
		};
		A48E010E1D2DA20D00720B36 /* Build configuration list for PBXNativeTarget "AdoptMe" */ = {
			isa = XCConfigurationList;
			buildConfigurations = (
				A48E010F1D2DA20D00720B36 /* Debug */,
				A48E01101D2DA20D00720B36 /* Release */,
			);
			defaultConfigurationIsVisible = 0;
			defaultConfigurationName = Release;
		};
/* End XCConfigurationList section */
	};
	rootObject = A48E00F21D2DA20D00720B36 /* Project object */;
}
